
Microsoft Visual Studio Solution File, Format Version 12.00
# Visual Studio Version 16
VisualStudioVersion = 16.0.31019.35
MinimumVisualStudioVersion = 10.0.40219.1
Project("{FAE04EC0-301F-11D3-BF4B-00C04F79EFBC}") = "PartTimeEmpWage", "PartTimeEmpWage\PartTimeEmpWage.csproj", "{037F31D2-8C5B-41F0-B839-808C339FC830}"
EndProject
Global
	GlobalSection(SolutionConfigurationPlatforms) = preSolution
		Debug|Any CPU = Debug|Any CPU
		Release|Any CPU = Release|Any CPU
	EndGlobalSection
	GlobalSection(ProjectConfigurationPlatforms) = postSolution
		{037F31D2-8C5B-41F0-B839-808C339FC830}.Debug|Any CPU.ActiveCfg = Debug|Any CPU
		{037F31D2-8C5B-41F0-B839-808C339FC830}.Debug|Any CPU.Build.0 = Debug|Any CPU
		{037F31D2-8C5B-41F0-B839-808C339FC830}.Release|Any CPU.ActiveCfg = Release|Any CPU
		{037F31D2-8C5B-41F0-B839-808C339FC830}.Release|Any CPU.Build.0 = Release|Any CPU
	EndGlobalSection
	GlobalSection(SolutionProperties) = preSolution
		HideSolutionNode = FALSE
	EndGlobalSection
	GlobalSection(ExtensibilityGlobals) = postSolution
		SolutionGuid = {41BE2DF7-FEDC-444E-BB20-25CE900F4AD2}
	EndGlobalSection
EndGlobal
